
Microsoft Visual Studio Solution File, Format Version 12.00
# Visual Studio 15
VisualStudioVersion = 15.0.28010.2041
MinimumVisualStudioVersion = 10.0.40219.1
Project("{FAE04EC0-301F-11D3-BF4B-00C04F79EFBC}") = "EventHubProcessorNew1", "EventHubProcessorNew1\EventHubProcessorNew1.csproj", "{181DBAA4-5CBA-4F5C-8275-BB2097C2C9A6}"
EndProject
Global
	GlobalSection(SolutionConfigurationPlatforms) = preSolution
		Debug|Any CPU = Debug|Any CPU
		Release|Any CPU = Release|Any CPU
	EndGlobalSection
	GlobalSection(ProjectConfigurationPlatforms) = postSolution
		{181DBAA4-5CBA-4F5C-8275-BB2097C2C9A6}.Debug|Any CPU.ActiveCfg = Debug|Any CPU
		{181DBAA4-5CBA-4F5C-8275-BB2097C2C9A6}.Debug|Any CPU.Build.0 = Debug|Any CPU
		{181DBAA4-5CBA-4F5C-8275-BB2097C2C9A6}.Release|Any CPU.ActiveCfg = Release|Any CPU
		{181DBAA4-5CBA-4F5C-8275-BB2097C2C9A6}.Release|Any CPU.Build.0 = Release|Any CPU
	EndGlobalSection
	GlobalSection(SolutionProperties) = preSolution
		HideSolutionNode = FALSE
	EndGlobalSection
	GlobalSection(ExtensibilityGlobals) = postSolution
		SolutionGuid = {64CB015C-E1C0-4E70-B45E-229AEE9D86FE}
	EndGlobalSection
EndGlobal
